
Microsoft Visual Studio Solution File, Format Version 12.00
# Visual Studio Version 16
VisualStudioVersion = 16.0.30413.136
MinimumVisualStudioVersion = 15.0.26124.0
Project("{9A19103F-16F7-4668-BE54-9A1E7A4F7556}") = "Web", "Web\Web.csproj", "{FECAA370-52E3-4BC5-B6D8-7D20E7BDE28F}"
EndProject
Project("{FAE04EC0-301F-11D3-BF4B-00C04F79EFBC}") = "Web.Tests", "Web.Test\Web.Tests.csproj", "{CC2C01D5-6D76-477A-AA5E-8C6DD0CE00A8}"
EndProject
Global
	GlobalSection(SolutionConfigurationPlatforms) = preSolution
		Debug|Any CPU = Debug|Any CPU
		Debug|x64 = Debug|x64
		Debug|x86 = Debug|x86
		Release|Any CPU = Release|Any CPU
		Release|x64 = Release|x64
		Release|x86 = Release|x86
	EndGlobalSection
	GlobalSection(ProjectConfigurationPlatforms) = postSolution
		{FECAA370-52E3-4BC5-B6D8-7D20E7BDE28F}.Debug|Any CPU.ActiveCfg = Debug|Any CPU
		{FECAA370-52E3-4BC5-B6D8-7D20E7BDE28F}.Debug|Any CPU.Build.0 = Debug|Any CPU
		{FECAA370-52E3-4BC5-B6D8-7D20E7BDE28F}.Debug|x64.ActiveCfg = Debug|Any CPU
		{FECAA370-52E3-4BC5-B6D8-7D20E7BDE28F}.Debug|x64.Build.0 = Debug|Any CPU
		{FECAA370-52E3-4BC5-B6D8-7D20E7BDE28F}.Debug|x86.ActiveCfg = Debug|Any CPU
		{FECAA370-52E3-4BC5-B6D8-7D20E7BDE28F}.Debug|x86.Build.0 = Debug|Any CPU
		{FECAA370-52E3-4BC5-B6D8-7D20E7BDE28F}.Release|Any CPU.ActiveCfg = Release|Any CPU
		{FECAA370-52E3-4BC5-B6D8-7D20E7BDE28F}.Release|Any CPU.Build.0 = Release|Any CPU
		{FECAA370-52E3-4BC5-B6D8-7D20E7BDE28F}.Release|x64.ActiveCfg = Release|Any CPU
		{FECAA370-52E3-4BC5-B6D8-7D20E7BDE28F}.Release|x64.Build.0 = Release|Any CPU
		{FECAA370-52E3-4BC5-B6D8-7D20E7BDE28F}.Release|x86.ActiveCfg = Release|Any CPU
		{FECAA370-52E3-4BC5-B6D8-7D20E7BDE28F}.Release|x86.Build.0 = Release|Any CPU
		{CC2C01D5-6D76-477A-AA5E-8C6DD0CE00A8}.Debug|Any CPU.ActiveCfg = Debug|Any CPU
		{CC2C01D5-6D76-477A-AA5E-8C6DD0CE00A8}.Debug|Any CPU.Build.0 = Debug|Any CPU
		{CC2C01D5-6D76-477A-AA5E-8C6DD0CE00A8}.Debug|x64.ActiveCfg = Debug|Any CPU
		{CC2C01D5-6D76-477A-AA5E-8C6DD0CE00A8}.Debug|x64.Build.0 = Debug|Any CPU
		{CC2C01D5-6D76-477A-AA5E-8C6DD0CE00A8}.Debug|x86.ActiveCfg = Debug|Any CPU
		{CC2C01D5-6D76-477A-AA5E-8C6DD0CE00A8}.Debug|x86.Build.0 = Debug|Any CPU
		{CC2C01D5-6D76-477A-AA5E-8C6DD0CE00A8}.Release|Any CPU.ActiveCfg = Release|Any CPU
		{CC2C01D5-6D76-477A-AA5E-8C6DD0CE00A8}.Release|Any CPU.Build.0 = Release|Any CPU
		{CC2C01D5-6D76-477A-AA5E-8C6DD0CE00A8}.Release|x64.ActiveCfg = Release|Any CPU
		{CC2C01D5-6D76-477A-AA5E-8C6DD0CE00A8}.Release|x64.Build.0 = Release|Any CPU
		{CC2C01D5-6D76-477A-AA5E-8C6DD0CE00A8}.Release|x86.ActiveCfg = Release|Any CPU
		{CC2C01D5-6D76-477A-AA5E-8C6DD0CE00A8}.Release|x86.Build.0 = Release|Any CPU
	EndGlobalSection
	GlobalSection(SolutionProperties) = preSolution
		HideSolutionNode = FALSE
	EndGlobalSection
	GlobalSection(ExtensibilityGlobals) = postSolution
		SolutionGuid = {544E30CE-E095-4C37-BE85-46A8D5CD3B25}
	EndGlobalSection
EndGlobal
